# This file is automatically @generated by Cargo.
# It is not intended for manual editing.
version = 3

[[package]]
name = "autocfg"
version = "1.1.0"
source = "registry+https://github.com/rust-lang/crates.io-index"
checksum = "d468802bab17cbc0cc575e9b053f41e72aa36bfa6b7f55e3529ffa43161b97fa"

[[package]]
name = "bitflags"
version = "1.3.2"
source = "registry+https://github.com/rust-lang/crates.io-index"
checksum = "bef38d45163c2f1dde094a7dfd33ccf595c92905c8f8f4fdc18d06fb1037718a"

[[package]]
name = "cc"
version = "1.0.73"
source = "registry+https://github.com/rust-lang/crates.io-index"
checksum = "2fff2a6927b3bb87f9595d67196a70493f627687a71d87a0d692242c33f58c11"

[[package]]
name = "components-arena"
version = "3.3.3"
source = "registry+https://github.com/rust-lang/crates.io-index"
checksum = "e834c31b6ee70737d3b3deb38d05348c97ccd001863e3836cc40c0e61b7a7715"
dependencies = [
 "components-arena-traits",
 "composable-allocators",
 "educe",
 "either",
 "generics",
 "phantom-type",
 "rand",
]

[[package]]
name = "components-arena-traits"
version = "1.0.1"
source = "registry+https://github.com/rust-lang/crates.io-index"
checksum = "4918e6527b7f815a5452188ff06b8b045dae899a3f8dc57e7dd65c3948229170"

[[package]]
name = "composable-allocators"
version = "0.1.0"
source = "registry+https://github.com/rust-lang/crates.io-index"
checksum = "01e1770ba33092050d5f99dc50639f26a3c86ada861f4a5ae19bffa33166ec0c"

[[package]]
name = "educe"
version = "0.4.19"
source = "registry+https://github.com/rust-lang/crates.io-index"
checksum = "c07b7cc9cd8c08d10db74fca3b20949b9b6199725c04a0cce6d543496098fcac"
dependencies = [
 "enum-ordinalize",
 "proc-macro2",
 "quote",
 "syn",
]

[[package]]
name = "either"
version = "1.6.1"
source = "registry+https://github.com/rust-lang/crates.io-index"
checksum = "e78d4f1cc4ae33bbfc157ed5d5a5ef3bc29227303d595861deb238fcec4e9457"

[[package]]
name = "enum-derive-2018"
version = "2.0.1"
source = "registry+https://github.com/rust-lang/crates.io-index"
checksum = "4c12aad72e0c5b4f1e0cc866187d8812deeaa1fccc892d3baf44c2b154d3e27b"

[[package]]
name = "enum-ordinalize"
version = "3.1.11"
source = "registry+https://github.com/rust-lang/crates.io-index"
checksum = "2170fc0efee383079a8bdd05d6ea2a184d2a0f07a1c1dcabdb2fd5e9f24bc36c"
dependencies = [
 "num-bigint",
 "num-traits",
 "proc-macro2",
 "quote",
 "rustc_version",
 "syn",
]

[[package]]
name = "errno-no-std"
version = "0.1.2"
source = "registry+https://github.com/rust-lang/crates.io-index"
checksum = "6b0a72ff6d1c47743945350630ca25c9fbe4f6a1d43e779fdc83666807b274c5"
dependencies = [
 "errno-sys",
 "libc",
 "widestring",
 "winapi",
]

[[package]]
name = "errno-sys"
version = "0.1.0"
source = "registry+https://github.com/rust-lang/crates.io-index"
checksum = "9c0007216af1525058024bc6dc15bbd2ffe8af877f0fbf754fbdb78c59d634e8"
dependencies = [
 "cc",
 "libc",
]

[[package]]
name = "generics"
version = "0.4.4"
source = "registry+https://github.com/rust-lang/crates.io-index"
checksum = "9b68c8c0cd22a26e4524fa3847c0bb2368a824c6d10e40b10b26f88516d7ed8b"

[[package]]
name = "libc"
version = "0.2.126"
source = "registry+https://github.com/rust-lang/crates.io-index"
checksum = "349d5a591cd28b49e1d1037471617a32ddcda5731b99419008085f72d5a53836"

[[package]]
name = "libc_alloc"
version = "1.0.3"
source = "registry+https://github.com/rust-lang/crates.io-index"
checksum = "db1d62455a2746a7f4a67a62d77f969954cd7d3bca46e4d037acd097ba79dab4"

[[package]]
name = "macro-attr-2018"
version = "2.1.2"
source = "registry+https://github.com/rust-lang/crates.io-index"
checksum = "66fbbf2d3635c91b436074cf14a7c8948dc608e193c9d2b389bdc64aae2ca37b"

[[package]]
name = "num-bigint"
version = "0.4.3"
source = "registry+https://github.com/rust-lang/crates.io-index"
checksum = "f93ab6289c7b344a8a9f60f88d80aa20032336fe78da341afc91c8a2341fc75f"
dependencies = [
 "autocfg",
 "num-integer",
 "num-traits",
]

[[package]]
name = "num-integer"
version = "0.1.45"
source = "registry+https://github.com/rust-lang/crates.io-index"
checksum = "225d3389fb3509a24c93f5c29eb6bde2586b98d9f016636dff58d7c6f7569cd9"
dependencies = [
 "autocfg",
 "num-traits",
]

[[package]]
name = "num-traits"
version = "0.2.15"
source = "registry+https://github.com/rust-lang/crates.io-index"
checksum = "578ede34cf02f8924ab9447f50c28075b4d3e5b269972345e7e0372b38c6cdcd"
dependencies = [
 "autocfg",
]

[[package]]
name = "panicking"
version = "0.2.0"
source = "registry+https://github.com/rust-lang/crates.io-index"
checksum = "794ad665bf06ef2cfb44ff512fabadbd40e58eb868d8ebfd462a05d4593b6cf3"

[[package]]
name = "phantom-type"
version = "0.4.2"
source = "registry+https://github.com/rust-lang/crates.io-index"
checksum = "e68f5dc797c2a743e024e1c53215474598faf0408826a90249569ad7f47adeaa"
dependencies = [
 "educe",
]

[[package]]
name = "pkg-config"
version = "0.3.25"
source = "registry+https://github.com/rust-lang/crates.io-index"
checksum = "1df8c4ec4b0627e53bdf214615ad287367e482558cf84b109250b37464dc03ae"

[[package]]
name = "proc-macro2"
version = "1.0.39"
source = "registry+https://github.com/rust-lang/crates.io-index"
checksum = "c54b25569025b7fc9651de43004ae593a75ad88543b17178aa5e1b9c4f15f56f"
dependencies = [
 "unicode-ident",
]

[[package]]
name = "quote"
version = "1.0.18"
source = "registry+https://github.com/rust-lang/crates.io-index"
checksum = "a1feb54ed693b93a84e14094943b84b7c4eae204c512b7ccb95ab0c66d278ad1"
dependencies = [
 "proc-macro2",
]

[[package]]
name = "rand"
version = "0.8.5"
source = "registry+https://github.com/rust-lang/crates.io-index"
checksum = "34af8d1a0e25924bc5b7c43c079c942339d8f0a8b57c39049bef581b46327404"
dependencies = [
 "rand_core",
]

[[package]]
name = "rand_core"
version = "0.6.3"
source = "registry+https://github.com/rust-lang/crates.io-index"
checksum = "d34f1408f55294453790c48b2f1ebbb1c5b4b7563eb1f418bcfcfdbb06ebb4e7"

[[package]]
name = "rustc_version"
version = "0.4.0"
source = "registry+https://github.com/rust-lang/crates.io-index"
checksum = "bfa0f585226d2e68097d4f95d113b15b83a82e819ab25717ec0590d9584ef366"
dependencies = [
 "semver",
]

[[package]]
name = "semver"
version = "1.0.10"
source = "registry+https://github.com/rust-lang/crates.io-index"
checksum = "a41d061efea015927ac527063765e73601444cdc344ba855bc7bd44578b25e1c"

[[package]]
name = "seyda_neen"
version = "0.0.0"
dependencies = [
 "components-arena",
 "educe",
 "either",
 "libc",
 "libc_alloc",
 "macro-attr-2018",
 "panicking",
 "tuifw-screen",
 "tuifw-window",
]

[[package]]
name = "syn"
version = "1.0.96"
source = "registry+https://github.com/rust-lang/crates.io-index"
checksum = "0748dd251e24453cb8717f0354206b91557e4ec8703673a4b30208f2abaf1ebf"
dependencies = [
 "proc-macro2",
 "quote",
 "unicode-ident",
]

[[package]]
name = "tinyvec"
version = "1.6.0"
source = "registry+https://github.com/rust-lang/crates.io-index"
checksum = "87cc5ceb3875bb20c2890005a4e226a4651264a5c75edb2421b52861a0a0cb50"
dependencies = [
 "tinyvec_macros",
]

[[package]]
name = "tinyvec_macros"
version = "0.1.0"
source = "registry+https://github.com/rust-lang/crates.io-index"
checksum = "cda74da7e1a664f795bb1f8a87ec406fb89a02522cf6e50620d016add6dbbf5c"

[[package]]
name = "tuifw-screen"
version = "0.13.0"
source = "registry+https://github.com/rust-lang/crates.io-index"
checksum = "af2882b7125487420a200ab043621e49081311d05d176db0375d5ada77204306"
dependencies = [
 "errno-no-std",
 "tuifw-screen-base",
 "tuifw-screen-ncurses",
 "tuifw-screen-winapi",
]

[[package]]
name = "tuifw-screen-base"
version = "0.13.0"
source = "registry+https://github.com/rust-lang/crates.io-index"
checksum = "d749daf10a7604207c9c9bed2b42a74324361dc0e91cc4f6b18d682f116d7869"
dependencies = [
 "bitflags",
 "either",
 "enum-derive-2018",
 "errno-no-std",
 "macro-attr-2018",
 "num-traits",
]

[[package]]
name = "tuifw-screen-ncurses"
version = "0.13.2"
source = "registry+https://github.com/rust-lang/crates.io-index"
checksum = "bc5b3317cc2ce81c9be6077b78202a768f16f353254cfbf0cfca98442e767055"
dependencies = [
 "cc",
 "either",
 "errno-no-std",
 "libc",
 "panicking",
 "pkg-config",
 "tuifw-screen-base",
 "unicode-normalization",
 "unicode-segmentation",
 "unicode-width",
]

[[package]]
name = "tuifw-screen-winapi"
version = "0.13.0"
source = "registry+https://github.com/rust-lang/crates.io-index"
checksum = "db97fa6aa81c39e072bfb63854a517aabbf095bb926802d0aa83dc5ec7b249d1"
dependencies = [
 "either",
 "errno-no-std",
 "num-traits",
 "panicking",
 "tuifw-screen-base",
 "unicode-segmentation",
 "winapi",
]

[[package]]
name = "tuifw-window"
version = "0.13.0"
source = "registry+https://github.com/rust-lang/crates.io-index"
checksum = "acb5596ca4db7c9c57b5b2dc1202cb14755bf055e21dc303fcdb1e1a6880eccf"
dependencies = [
 "components-arena",
 "educe",
 "errno-no-std",
 "macro-attr-2018",
 "tuifw-screen-base",
]

[[package]]
name = "unicode-ident"
version = "1.0.0"
source = "registry+https://github.com/rust-lang/crates.io-index"
checksum = "d22af068fba1eb5edcb4aea19d382b2a3deb4c8f9d475c589b6ada9e0fd493ee"

[[package]]
name = "unicode-normalization"
version = "0.1.19"
source = "registry+https://github.com/rust-lang/crates.io-index"
checksum = "d54590932941a9e9266f0832deed84ebe1bf2e4c9e4a3554d393d18f5e854bf9"
dependencies = [
 "tinyvec",
]

[[package]]
name = "unicode-segmentation"
version = "1.9.0"
source = "registry+https://github.com/rust-lang/crates.io-index"
checksum = "7e8820f5d777f6224dc4be3632222971ac30164d4a258d595640799554ebfd99"

[[package]]
name = "unicode-width"
version = "0.1.9"
source = "registry+https://github.com/rust-lang/crates.io-index"
checksum = "3ed742d4ea2bd1176e236172c8429aaf54486e7ac098db29ffe6529e0ce50973"

[[package]]
name = "widestring"
version = "0.5.1"
source = "registry+https://github.com/rust-lang/crates.io-index"
checksum = "17882f045410753661207383517a6f62ec3dbeb6a4ed2acce01f0728238d1983"

[[package]]
name = "winapi"
version = "0.3.9"
source = "registry+https://github.com/rust-lang/crates.io-index"
checksum = "5c839a674fcd7a98952e593242ea400abe93992746761e38641405d28b00f419"
dependencies = [
 "winapi-i686-pc-windows-gnu",
 "winapi-x86_64-pc-windows-gnu",
]

[[package]]
name = "winapi-i686-pc-windows-gnu"
version = "0.4.0"
source = "registry+https://github.com/rust-lang/crates.io-index"
checksum = "ac3b87c63620426dd9b991e5ce0329eff545bccbbb34f3be09ff6fb6ab51b7b6"

[[package]]
name = "winapi-x86_64-pc-windows-gnu"
version = "0.4.0"
source = "registry+https://github.com/rust-lang/crates.io-index"
checksum = "712e227841d057c1ee1cd2fb22fa7e5a5461ae8e48fa2ca79ec42cfc1931183f"
