# This file is automatically @generated by Cargo.
# It is not intended for manual editing.
version = 3

[[package]]
name = "autocfg"
version = "1.1.0"
source = "registry+https://github.com/rust-lang/crates.io-index"
checksum = "d468802bab17cbc0cc575e9b053f41e72aa36bfa6b7f55e3529ffa43161b97fa"

[[package]]
name = "bitflags"
version = "1.3.2"
source = "registry+https://github.com/rust-lang/crates.io-index"
checksum = "bef38d45163c2f1dde094a7dfd33ccf595c92905c8f8f4fdc18d06fb1037718a"

[[package]]
name = "cc"
version = "1.0.73"
source = "registry+https://github.com/rust-lang/crates.io-index"
checksum = "2fff2a6927b3bb87f9595d67196a70493f627687a71d87a0d692242c33f58c11"

[[package]]
name = "cfg-if"
version = "1.0.0"
source = "registry+https://github.com/rust-lang/crates.io-index"
checksum = "baf1de4339761588bc0619e3cbc0120ee582ebb74b53b4efbf79117bd2da40fd"

[[package]]
name = "components-arena"
version = "3.3.4"
source = "registry+https://github.com/rust-lang/crates.io-index"
checksum = "115a9aee53e03b71c93d8836b904b4f4f3cff9b92227720d33698f4668018c78"
dependencies = [
 "components-arena-traits",
 "composable-allocators",
 "educe",
 "either",
 "generics",
 "phantom-type",
 "rand",
]

[[package]]
name = "components-arena-traits"
version = "1.0.1"
source = "registry+https://github.com/rust-lang/crates.io-index"
checksum = "4918e6527b7f815a5452188ff06b8b045dae899a3f8dc57e7dd65c3948229170"

[[package]]
name = "composable-allocators"
version = "0.1.1"
source = "registry+https://github.com/rust-lang/crates.io-index"
checksum = "89ea1be4d425fe450804b0b7b13e25334c38d1caaa563116c8a94e30e71bbc11"
dependencies = [
 "libc",
 "winapi",
]

[[package]]
name = "educe"
version = "0.4.19"
source = "registry+https://github.com/rust-lang/crates.io-index"
checksum = "c07b7cc9cd8c08d10db74fca3b20949b9b6199725c04a0cce6d543496098fcac"
dependencies = [
 "enum-ordinalize",
 "proc-macro2",
 "quote",
 "syn",
]

[[package]]
name = "either"
version = "1.6.1"
source = "registry+https://github.com/rust-lang/crates.io-index"
checksum = "e78d4f1cc4ae33bbfc157ed5d5a5ef3bc29227303d595861deb238fcec4e9457"

[[package]]
name = "enum-derive-2018"
version = "2.0.1"
source = "registry+https://github.com/rust-lang/crates.io-index"
checksum = "4c12aad72e0c5b4f1e0cc866187d8812deeaa1fccc892d3baf44c2b154d3e27b"

[[package]]
name = "enum-ordinalize"
version = "3.1.11"
source = "registry+https://github.com/rust-lang/crates.io-index"
checksum = "2170fc0efee383079a8bdd05d6ea2a184d2a0f07a1c1dcabdb2fd5e9f24bc36c"
dependencies = [
 "num-bigint",
 "num-traits",
 "proc-macro2",
 "quote",
 "rustc_version",
 "syn",
]

[[package]]
name = "errno-no-std"
version = "0.1.3"
source = "registry+https://github.com/rust-lang/crates.io-index"
checksum = "4667c7a357a3b5403770727b8feef8479bf4b64cbdcaf1c375ba10e6e1581839"
dependencies = [
 "errno-sys",
 "libc",
 "widestring",
 "winapi",
]

[[package]]
name = "errno-sys"
version = "0.1.0"
source = "registry+https://github.com/rust-lang/crates.io-index"
checksum = "9c0007216af1525058024bc6dc15bbd2ffe8af877f0fbf754fbdb78c59d634e8"
dependencies = [
 "cc",
 "libc",
]

[[package]]
name = "exit-no-std"
version = "0.1.0"
source = "registry+https://github.com/rust-lang/crates.io-index"
checksum = "3d298bc74eb259db5d17d5de08949492a6bd2390e9ed046444908591fa1ca35e"
dependencies = [
 "libc",
 "winapi",
]

[[package]]
name = "generics"
version = "0.4.4"
source = "registry+https://github.com/rust-lang/crates.io-index"
checksum = "9b68c8c0cd22a26e4524fa3847c0bb2368a824c6d10e40b10b26f88516d7ed8b"

[[package]]
name = "getrandom"
version = "0.2.7"
source = "registry+https://github.com/rust-lang/crates.io-index"
checksum = "4eb1a864a501629691edf6c15a593b7a51eebaa1e8468e9ddc623de7c9b58ec6"
dependencies = [
 "cfg-if",
 "libc",
 "wasi",
]

[[package]]
name = "int-vec-2d"
version = "0.1.0"
source = "registry+https://github.com/rust-lang/crates.io-index"
checksum = "a6f50593b281f4881342cfb6769d0ac5fa038d6815b6e9ec6de991b72de9000e"
dependencies = [
 "either",
 "enum-derive-2018",
 "macro-attr-2018",
 "num-traits",
]

[[package]]
name = "libc"
version = "0.2.126"
source = "registry+https://github.com/rust-lang/crates.io-index"
checksum = "349d5a591cd28b49e1d1037471617a32ddcda5731b99419008085f72d5a53836"

[[package]]
name = "macro-attr-2018"
version = "2.1.2"
source = "registry+https://github.com/rust-lang/crates.io-index"
checksum = "66fbbf2d3635c91b436074cf14a7c8948dc608e193c9d2b389bdc64aae2ca37b"

[[package]]
name = "nonmax"
version = "0.5.0"
source = "registry+https://github.com/rust-lang/crates.io-index"
checksum = "287a6d20c39e398d0046fd7809c83fd3a12d42a3a0f4612f5028a8f5b5c4d0ce"

[[package]]
name = "num-bigint"
version = "0.4.3"
source = "registry+https://github.com/rust-lang/crates.io-index"
checksum = "f93ab6289c7b344a8a9f60f88d80aa20032336fe78da341afc91c8a2341fc75f"
dependencies = [
 "autocfg",
 "num-integer",
 "num-traits",
]

[[package]]
name = "num-integer"
version = "0.1.45"
source = "registry+https://github.com/rust-lang/crates.io-index"
checksum = "225d3389fb3509a24c93f5c29eb6bde2586b98d9f016636dff58d7c6f7569cd9"
dependencies = [
 "autocfg",
 "num-traits",
]

[[package]]
name = "num-traits"
version = "0.2.15"
source = "registry+https://github.com/rust-lang/crates.io-index"
checksum = "578ede34cf02f8924ab9447f50c28075b4d3e5b269972345e7e0372b38c6cdcd"
dependencies = [
 "autocfg",
]

[[package]]
name = "panicking"
version = "0.2.0"
source = "registry+https://github.com/rust-lang/crates.io-index"
checksum = "794ad665bf06ef2cfb44ff512fabadbd40e58eb868d8ebfd462a05d4593b6cf3"

[[package]]
name = "phantom-type"
version = "0.4.2"
source = "registry+https://github.com/rust-lang/crates.io-index"
checksum = "e68f5dc797c2a743e024e1c53215474598faf0408826a90249569ad7f47adeaa"
dependencies = [
 "educe",
]

[[package]]
name = "pkg-config"
version = "0.3.25"
source = "registry+https://github.com/rust-lang/crates.io-index"
checksum = "1df8c4ec4b0627e53bdf214615ad287367e482558cf84b109250b37464dc03ae"

[[package]]
name = "proc-macro2"
version = "1.0.40"
source = "registry+https://github.com/rust-lang/crates.io-index"
checksum = "dd96a1e8ed2596c337f8eae5f24924ec83f5ad5ab21ea8e455d3566c69fbcaf7"
dependencies = [
 "unicode-ident",
]

[[package]]
name = "quote"
version = "1.0.20"
source = "registry+https://github.com/rust-lang/crates.io-index"
checksum = "3bcdf212e9776fbcb2d23ab029360416bb1706b1aea2d1a5ba002727cbcab804"
dependencies = [
 "proc-macro2",
]

[[package]]
name = "rand"
version = "0.8.5"
source = "registry+https://github.com/rust-lang/crates.io-index"
checksum = "34af8d1a0e25924bc5b7c43c079c942339d8f0a8b57c39049bef581b46327404"
dependencies = [
 "rand_core",
]

[[package]]
name = "rand_core"
version = "0.6.3"
source = "registry+https://github.com/rust-lang/crates.io-index"
checksum = "d34f1408f55294453790c48b2f1ebbb1c5b4b7563eb1f418bcfcfdbb06ebb4e7"
dependencies = [
 "getrandom",
]

[[package]]
name = "rustc_version"
version = "0.4.0"
source = "registry+https://github.com/rust-lang/crates.io-index"
checksum = "bfa0f585226d2e68097d4f95d113b15b83a82e819ab25717ec0590d9584ef366"
dependencies = [
 "semver",
]

[[package]]
name = "semver"
version = "1.0.10"
source = "registry+https://github.com/rust-lang/crates.io-index"
checksum = "a41d061efea015927ac527063765e73601444cdc344ba855bc7bd44578b25e1c"

[[package]]
name = "seyda_neen"
version = "0.0.0"
dependencies = [
 "components-arena",
 "composable-allocators",
 "educe",
 "either",
 "enum-derive-2018",
 "exit-no-std",
 "int-vec-2d",
 "macro-attr-2018",
 "nonmax",
 "panicking",
 "rand",
 "tuifw-screen",
 "tuifw-window",
]

[[package]]
name = "syn"
version = "1.0.98"
source = "registry+https://github.com/rust-lang/crates.io-index"
checksum = "c50aef8a904de4c23c788f104b7dddc7d6f79c647c7c8ce4cc8f73eb0ca773dd"
dependencies = [
 "proc-macro2",
 "quote",
 "unicode-ident",
]

[[package]]
name = "tuifw-screen"
version = "0.13.5"
source = "registry+https://github.com/rust-lang/crates.io-index"
checksum = "3475ae0420542b83abb11da6c98d13b4af577164b1f3646374a9e0003c4bc3a6"
dependencies = [
 "errno-no-std",
 "tuifw-screen-base",
 "tuifw-screen-ncurses",
 "tuifw-screen-winapi",
]

[[package]]
name = "tuifw-screen-base"
version = "0.13.5"
source = "registry+https://github.com/rust-lang/crates.io-index"
checksum = "14fe2ef7970ea084e1939f31d49084884cf79cc4a7da6045e7537cd258bde658"
dependencies = [
 "bitflags",
 "enum-derive-2018",
 "errno-no-std",
 "int-vec-2d",
 "macro-attr-2018",
]

[[package]]
name = "tuifw-screen-ncurses"
version = "0.13.5"
source = "registry+https://github.com/rust-lang/crates.io-index"
checksum = "ef7db60b13a84c32c5facdc0fb3fafa5b7f56fd6b0780041ed32edbe6769fb60"
dependencies = [
 "cc",
 "either",
 "errno-no-std",
 "libc",
 "panicking",
 "pkg-config",
 "tuifw-screen-base",
 "unicode-width",
]

[[package]]
name = "tuifw-screen-winapi"
version = "0.13.5"
source = "registry+https://github.com/rust-lang/crates.io-index"
checksum = "66a68bc8b42056c4bd2cb8bdd9bb4adb15f23d69343d3a68bd21857b7c4abdef"
dependencies = [
 "either",
 "errno-no-std",
 "num-traits",
 "panicking",
 "tuifw-screen-base",
 "winapi",
]

[[package]]
name = "tuifw-window"
version = "0.13.5"
source = "registry+https://github.com/rust-lang/crates.io-index"
checksum = "aa6f8c4affa521e33a030004dd55b87dd5e0938ff6a1593f38324f1e81797442"
dependencies = [
 "components-arena",
 "educe",
 "errno-no-std",
 "macro-attr-2018",
 "tuifw-screen-base",
]

[[package]]
name = "unicode-ident"
version = "1.0.1"
source = "registry+https://github.com/rust-lang/crates.io-index"
checksum = "5bd2fe26506023ed7b5e1e315add59d6f584c621d037f9368fea9cfb988f368c"

[[package]]
name = "unicode-width"
version = "0.1.9"
source = "registry+https://github.com/rust-lang/crates.io-index"
checksum = "3ed742d4ea2bd1176e236172c8429aaf54486e7ac098db29ffe6529e0ce50973"

[[package]]
name = "wasi"
version = "0.11.0+wasi-snapshot-preview1"
source = "registry+https://github.com/rust-lang/crates.io-index"
checksum = "9c8d87e72b64a3b4db28d11ce29237c246188f4f51057d65a7eab63b7987e423"

[[package]]
name = "widestring"
version = "0.5.1"
source = "registry+https://github.com/rust-lang/crates.io-index"
checksum = "17882f045410753661207383517a6f62ec3dbeb6a4ed2acce01f0728238d1983"

[[package]]
name = "winapi"
version = "0.3.9"
source = "registry+https://github.com/rust-lang/crates.io-index"
checksum = "5c839a674fcd7a98952e593242ea400abe93992746761e38641405d28b00f419"
dependencies = [
 "winapi-i686-pc-windows-gnu",
 "winapi-x86_64-pc-windows-gnu",
]

[[package]]
name = "winapi-i686-pc-windows-gnu"
version = "0.4.0"
source = "registry+https://github.com/rust-lang/crates.io-index"
checksum = "ac3b87c63620426dd9b991e5ce0329eff545bccbbb34f3be09ff6fb6ab51b7b6"

[[package]]
name = "winapi-x86_64-pc-windows-gnu"
version = "0.4.0"
source = "registry+https://github.com/rust-lang/crates.io-index"
checksum = "712e227841d057c1ee1cd2fb22fa7e5a5461ae8e48fa2ca79ec42cfc1931183f"
